
Microsoft Visual Studio Solution File, Format Version 12.00
# Visual Studio Version 16
VisualStudioVersion = 16.0.31624.102
MinimumVisualStudioVersion = 10.0.40219.1
Project("{9092AA53-FB77-4645-B42D-1CCCA6BD08BD}") = "101278670_comp3133_assig1", "101278670_comp3133_assig1\101278670_comp3133_assig1.njsproj", "{DEF41C8F-9173-4468-908D-96085D7B1927}"
EndProject
Global
	GlobalSection(SolutionConfigurationPlatforms) = preSolution
		Debug|Any CPU = Debug|Any CPU
		Release|Any CPU = Release|Any CPU
	EndGlobalSection
	GlobalSection(ProjectConfigurationPlatforms) = postSolution
		{DEF41C8F-9173-4468-908D-96085D7B1927}.Debug|Any CPU.ActiveCfg = Debug|Any CPU
		{DEF41C8F-9173-4468-908D-96085D7B1927}.Debug|Any CPU.Build.0 = Debug|Any CPU
		{DEF41C8F-9173-4468-908D-96085D7B1927}.Release|Any CPU.ActiveCfg = Release|Any CPU
		{DEF41C8F-9173-4468-908D-96085D7B1927}.Release|Any CPU.Build.0 = Release|Any CPU
	EndGlobalSection
	GlobalSection(SolutionProperties) = preSolution
		HideSolutionNode = FALSE
	EndGlobalSection
	GlobalSection(ExtensibilityGlobals) = postSolution
		SolutionGuid = {E5FD16D0-1603-42AB-86D5-44CCF5566494}
	EndGlobalSection
EndGlobal
